
Microsoft Visual Studio Solution File, Format Version 12.00
Project("{FAE04EC0-301F-11D3-BF4B-00C04F79EFBC}") = "IterationLimits", "src\IterationLimits\IterationLimits.csproj", "{C7A37ECF-2573-4EFC-9B09-8E5FF8F6819A}"
EndProject
Project("{FAE04EC0-301F-11D3-BF4B-00C04F79EFBC}") = "IterationLimitsTests", "src\IterationLimitsTests\IterationLimitsTests.csproj", "{03FE93A2-AD9E-43E2-AB32-F9D766B73BA1}"
EndProject
Project("{FAE04EC0-301F-11D3-BF4B-00C04F79EFBC}") = "IterationLimitsExamples", "src\IterationLimitsExamples\IterationLimitsExamples.csproj", "{D8DDE9BB-5D0B-4A16-BE1F-A20C6A3A822C}"
EndProject
Global
	GlobalSection(SolutionConfigurationPlatforms) = preSolution
		Debug|Any CPU = Debug|Any CPU
		Release|Any CPU = Release|Any CPU
	EndGlobalSection
	GlobalSection(ProjectConfigurationPlatforms) = postSolution
		{C7A37ECF-2573-4EFC-9B09-8E5FF8F6819A}.Debug|Any CPU.ActiveCfg = Debug|Any CPU
		{C7A37ECF-2573-4EFC-9B09-8E5FF8F6819A}.Debug|Any CPU.Build.0 = Debug|Any CPU
		{C7A37ECF-2573-4EFC-9B09-8E5FF8F6819A}.Release|Any CPU.ActiveCfg = Release|Any CPU
		{C7A37ECF-2573-4EFC-9B09-8E5FF8F6819A}.Release|Any CPU.Build.0 = Release|Any CPU
		{03FE93A2-AD9E-43E2-AB32-F9D766B73BA1}.Debug|Any CPU.ActiveCfg = Debug|Any CPU
		{03FE93A2-AD9E-43E2-AB32-F9D766B73BA1}.Debug|Any CPU.Build.0 = Debug|Any CPU
		{03FE93A2-AD9E-43E2-AB32-F9D766B73BA1}.Release|Any CPU.ActiveCfg = Release|Any CPU
		{03FE93A2-AD9E-43E2-AB32-F9D766B73BA1}.Release|Any CPU.Build.0 = Release|Any CPU
		{D8DDE9BB-5D0B-4A16-BE1F-A20C6A3A822C}.Debug|Any CPU.ActiveCfg = Debug|Any CPU
		{D8DDE9BB-5D0B-4A16-BE1F-A20C6A3A822C}.Debug|Any CPU.Build.0 = Debug|Any CPU
		{D8DDE9BB-5D0B-4A16-BE1F-A20C6A3A822C}.Release|Any CPU.ActiveCfg = Release|Any CPU
		{D8DDE9BB-5D0B-4A16-BE1F-A20C6A3A822C}.Release|Any CPU.Build.0 = Release|Any CPU
	EndGlobalSection
EndGlobal
